
Microsoft Visual Studio Solution File, Format Version 12.00
# Visual Studio Version 17
VisualStudioVersion = 17.10.34916.146
MinimumVisualStudioVersion = 10.0.40219.1
Project("{FAE04EC0-301F-11D3-BF4B-00C04F79EFBC}") = "suma_de_dos_numeros", "suma_de_dos_numeros\suma_de_dos_numeros.csproj", "{F2C4EB5B-9524-4162-B1A7-811D24596B93}"
EndProject
Global
	GlobalSection(SolutionConfigurationPlatforms) = preSolution
		Debug|Any CPU = Debug|Any CPU
		Release|Any CPU = Release|Any CPU
	EndGlobalSection
	GlobalSection(ProjectConfigurationPlatforms) = postSolution
		{F2C4EB5B-9524-4162-B1A7-811D24596B93}.Debug|Any CPU.ActiveCfg = Debug|Any CPU
		{F2C4EB5B-9524-4162-B1A7-811D24596B93}.Debug|Any CPU.Build.0 = Debug|Any CPU
		{F2C4EB5B-9524-4162-B1A7-811D24596B93}.Release|Any CPU.ActiveCfg = Release|Any CPU
		{F2C4EB5B-9524-4162-B1A7-811D24596B93}.Release|Any CPU.Build.0 = Release|Any CPU
	EndGlobalSection
	GlobalSection(SolutionProperties) = preSolution
		HideSolutionNode = FALSE
	EndGlobalSection
	GlobalSection(ExtensibilityGlobals) = postSolution
		SolutionGuid = {3ED94727-724B-4790-9FEC-871167BAF07A}
	EndGlobalSection
EndGlobal
